<?xml version="1.0" encoding="utf-8"?>
<Project ToolsVersion="4.0" xmlns="http://schemas.microsoft.com/developer/msbuild/2003">
  <ItemGroup>
    <Filter Include="Source Files">
      <UniqueIdentifier>{4FC737F1-C7A5-4376-A066-2A32D752A2FF}</UniqueIdentifier>
      <Extensions>cpp;c;cc;cxx;c++;cppm;ixx;def;odl;idl;hpj;bat;asm;asmx</Extensions>
    </Filter>
    <Filter Include="Header Files">
      <UniqueIdentifier>{93995380-89BD-4b04-88EB-625FBE52EBFB}</UniqueIdentifier>
      <Extensions>h;hh;hpp;hxx;h++;hm;inl;inc;ipp;xsd</Extensions>
    </Filter>
    <Filter Include="Resource Files">
      <UniqueIdentifier>{67DA6AB6-F800-4c08-8B7A-83BB121AAD01}</UniqueIdentifier>
      <Extensions>rc;ico;cur;bmp;dlg;rc2;rct;bin;rgs;gif;jpg;jpeg;jpe;resx;tiff;tif;png;wav;mfcribbon-ms</Extensions>
    </Filter>
  </ItemGroup>
  <ItemGroup>
    <ClCompile Include="src\cranknicolsonwp.cpp">
      <Filter>Source Files</Filter>
    </ClCompile>
    <ClCompile Include="src\element.cpp">
      <Filter>Source Files</Filter>
    </ClCompile>
    <ClCompile Include="src\enumtypes.cpp">
      <Filter>Source Files</Filter>
    </ClCompile>
    <ClCompile Include="src\eulerforw.cpp">
      <Filter>Source Files</Filter>
    </ClCompile>
    <ClCompile Include="src\exactriemann.cpp">
      <Filter>Source Files</Filter>
    </ClCompile>
    <ClCompile Include="src\flux.cpp">
      <Filter>Source Files</Filter>
    </ClCompile>
    <ClCompile Include="src\flux2.cpp">
      <Filter>Source Files</Filter>
    </ClCompile>
    <ClCompile Include="src\flux2proc.cpp">
      <Filter>Source Files</Filter>
    </ClCompile>
    <ClCompile Include="src\fluxproc.cpp">
      <Filter>Source Files</Filter>
    </ClCompile>
    <ClCompile Include="src\initcon.cpp">
      <Filter>Source Files</Filter>
    </ClCompile>
    <ClCompile Include="src\node.cpp">
      <Filter>Source Files</Filter>
    </ClCompile>
    <ClCompile Include="src\output.cpp">
      <Filter>Source Files</Filter>
    </ClCompile>
    <ClCompile Include="src\physpara.cpp">
      <Filter>Source Files</Filter>
    </ClCompile>
    <ClCompile Include="src\readmesh.cpp">
      <Filter>Source Files</Filter>
    </ClCompile>
    <ClCompile Include="src\readtest.cpp">
      <Filter>Source Files</Filter>
    </ClCompile>
    <ClCompile Include="src\rk3.cpp">
      <Filter>Source Files</Filter>
    </ClCompile>
    <ClCompile Include="src\source.cpp">
      <Filter>Source Files</Filter>
    </ClCompile>
    <ClCompile Include="src\sourceproc.cpp">
      <Filter>Source Files</Filter>
    </ClCompile>
    <ClCompile Include="src\st_1ddg.cpp">
      <Filter>Source Files</Filter>
    </ClCompile>
    <ClCompile Include="src\state.cpp">
      <Filter>Source Files</Filter>
    </ClCompile>
    <ClCompile Include="src\testfcn.cpp">
      <Filter>Source Files</Filter>
    </ClCompile>
    <ClCompile Include="src\testfcn2.cpp">
      <Filter>Source Files</Filter>
    </ClCompile>
    <ClCompile Include="src\updatenodes.cpp">
      <Filter>Source Files</Filter>
    </ClCompile>
  </ItemGroup>
  <ItemGroup>
    <ClInclude Include="src\cranknicolsonwp.h">
      <Filter>Header Files</Filter>
    </ClInclude>
    <ClInclude Include="src\element.h">
      <Filter>Header Files</Filter>
    </ClInclude>
    <ClInclude Include="src\enumtypes.h">
      <Filter>Header Files</Filter>
    </ClInclude>
    <ClInclude Include="src\eulerforw.h">
      <Filter>Header Files</Filter>
    </ClInclude>
    <ClInclude Include="src\exactriemann.h">
      <Filter>Header Files</Filter>
    </ClInclude>
    <ClInclude Include="src\flux.h">
      <Filter>Header Files</Filter>
    </ClInclude>
    <ClInclude Include="src\flux2.h">
      <Filter>Header Files</Filter>
    </ClInclude>
    <ClInclude Include="src\flux2proc.h">
      <Filter>Header Files</Filter>
    </ClInclude>
    <ClInclude Include="src\fluxproc.h">
      <Filter>Header Files</Filter>
    </ClInclude>
    <ClInclude Include="src\initcon.h">
      <Filter>Header Files</Filter>
    </ClInclude>
    <ClInclude Include="src\node.h">
      <Filter>Header Files</Filter>
    </ClInclude>
    <ClInclude Include="src\output.h">
      <Filter>Header Files</Filter>
    </ClInclude>
    <ClInclude Include="src\physpara.h">
      <Filter>Header Files</Filter>
    </ClInclude>
    <ClInclude Include="src\readmesh.h">
      <Filter>Header Files</Filter>
    </ClInclude>
    <ClInclude Include="src\readtest.h">
      <Filter>Header Files</Filter>
    </ClInclude>
    <ClInclude Include="src\rk3.h">
      <Filter>Header Files</Filter>
    </ClInclude>
    <ClInclude Include="src\source.h">
      <Filter>Header Files</Filter>
    </ClInclude>
    <ClInclude Include="src\sourceproc.h">
      <Filter>Header Files</Filter>
    </ClInclude>
    <ClInclude Include="src\state.h">
      <Filter>Header Files</Filter>
    </ClInclude>
    <ClInclude Include="src\testfcn.h">
      <Filter>Header Files</Filter>
    </ClInclude>
    <ClInclude Include="src\testfcn2.h">
      <Filter>Header Files</Filter>
    </ClInclude>
    <ClInclude Include="src\updatenodes.h">
      <Filter>Header Files</Filter>
    </ClInclude>
  </ItemGroup>
</Project>